
Microsoft Visual Studio Solution File, Format Version 12.00
# Visual Studio Version 17
VisualStudioVersion = 17.7.34031.279
MinimumVisualStudioVersion = 10.0.40219.1
Project("{FAE04EC0-301F-11D3-BF4B-00C04F79EFBC}") = "SystemProgHW1", "SystemProgHW1\SystemProgHW1.csproj", "{20B92EAD-9C7E-4964-8694-3CB79E4BF2A5}"
EndProject
Global
	GlobalSection(SolutionConfigurationPlatforms) = preSolution
		Debug|Any CPU = Debug|Any CPU
		Release|Any CPU = Release|Any CPU
	EndGlobalSection
	GlobalSection(ProjectConfigurationPlatforms) = postSolution
		{20B92EAD-9C7E-4964-8694-3CB79E4BF2A5}.Debug|Any CPU.ActiveCfg = Debug|Any CPU
		{20B92EAD-9C7E-4964-8694-3CB79E4BF2A5}.Debug|Any CPU.Build.0 = Debug|Any CPU
		{20B92EAD-9C7E-4964-8694-3CB79E4BF2A5}.Release|Any CPU.ActiveCfg = Release|Any CPU
		{20B92EAD-9C7E-4964-8694-3CB79E4BF2A5}.Release|Any CPU.Build.0 = Release|Any CPU
	EndGlobalSection
	GlobalSection(SolutionProperties) = preSolution
		HideSolutionNode = FALSE
	EndGlobalSection
	GlobalSection(ExtensibilityGlobals) = postSolution
		SolutionGuid = {36816188-26F0-41F4-9959-83A968518E85}
	EndGlobalSection
EndGlobal
